
Microsoft Visual Studio Solution File, Format Version 12.00
# Visual Studio Version 17
VisualStudioVersion = 17.10.35004.147
MinimumVisualStudioVersion = 10.0.40219.1
Project("{FAE04EC0-301F-11D3-BF4B-00C04F79EFBC}") = "LunaVerde", "LunaVerde\LunaVerde.csproj", "{85C78F82-6FF5-4DFA-8DA2-ADD57DB7487B}"
EndProject
Global
	GlobalSection(SolutionConfigurationPlatforms) = preSolution
		Debug|Any CPU = Debug|Any CPU
		Release|Any CPU = Release|Any CPU
	EndGlobalSection
	GlobalSection(ProjectConfigurationPlatforms) = postSolution
		{85C78F82-6FF5-4DFA-8DA2-ADD57DB7487B}.Debug|Any CPU.ActiveCfg = Debug|Any CPU
		{85C78F82-6FF5-4DFA-8DA2-ADD57DB7487B}.Debug|Any CPU.Build.0 = Debug|Any CPU
		{85C78F82-6FF5-4DFA-8DA2-ADD57DB7487B}.Release|Any CPU.ActiveCfg = Release|Any CPU
		{85C78F82-6FF5-4DFA-8DA2-ADD57DB7487B}.Release|Any CPU.Build.0 = Release|Any CPU
	EndGlobalSection
	GlobalSection(SolutionProperties) = preSolution
		HideSolutionNode = FALSE
	EndGlobalSection
	GlobalSection(ExtensibilityGlobals) = postSolution
		SolutionGuid = {57C2A79E-C58B-49C3-9836-245F6C5B6BA1}
	EndGlobalSection
EndGlobal
